# THIS IS AN AUTOGENERATED FILE. DO NOT EDIT THIS FILE DIRECTLY.
# yarn lockfile v1


bignumber.js@9.3.1:
  version "9.3.1"
  resolved "https://registry.yarnpkg.com/bignumber.js/-/bignumber.js-9.3.1.tgz#759c5aaddf2ffdc4f154f7b493e1c8770f88c4d7"
  integrity sha512-Ko0uX15oIUS7wJ3Rb30Fs6SkVbLmPBAKdlm7q9+ak9bbIeFf0MwuBsQV6z7+X768/cHsfg+WlysDWJcmthjsjQ==
